// !$*UTF8*$!
{
	archiveVersion = 1;
	classes = {
	};
	objectVersion = 46;
	objects = {

/* Begin PBXBuildFile section */
		D44D79E61D3E399900C44369 /* EmotionsViewController.swift in Sources */ = {isa = PBXBuildFile; fileRef = D44D79E51D3E399900C44369 /* EmotionsViewController.swift */; };
		D48583441D35228C000D4F1E /* FacialExpression.swift in Sources */ = {isa = PBXBuildFile; fileRef = D48583431D35228C000D4F1E /* FacialExpression.swift */; };
		D4F79D081D317B7B00AA59CF /* AppDelegate.swift in Sources */ = {isa = PBXBuildFile; fileRef = D4F79D071D317B7B00AA59CF /* AppDelegate.swift */; };
		D4F79D0A1D317B7B00AA59CF /* FaceViewController.swift in Sources */ = {isa = PBXBuildFile; fileRef = D4F79D091D317B7B00AA59CF /* FaceViewController.swift */; };
		D4F79D0D1D317B7B00AA59CF /* Main.storyboard in Resources */ = {isa = PBXBuildFile; fileRef = D4F79D0B1D317B7B00AA59CF /* Main.storyboard */; };
		D4F79D0F1D317B7B00AA59CF /* Assets.xcassets in Resources */ = {isa = PBXBuildFile; fileRef = D4F79D0E1D317B7B00AA59CF /* Assets.xcassets */; };
		D4F79D121D317B7B00AA59CF /* LaunchScreen.storyboard in Resources */ = {isa = PBXBuildFile; fileRef = D4F79D101D317B7B00AA59CF /* LaunchScreen.storyboard */; };
		D4F79D1D1D317B7B00AA59CF /* FaceItTests.swift in Sources */ = {isa = PBXBuildFile; fileRef = D4F79D1C1D317B7B00AA59CF /* FaceItTests.swift */; };
		D4F79D291D317DA800AA59CF /* FaceView.swift in Sources */ = {isa = PBXBuildFile; fileRef = D4F79D281D317DA800AA59CF /* FaceView.swift */; };
/* End PBXBuildFile section */

/* Begin PBXContainerItemProxy section */
		D4F79D191D317B7B00AA59CF /* PBXContainerItemProxy */ = {
			isa = PBXContainerItemProxy;
			containerPortal = D4F79CFC1D317B7B00AA59CF /* Project object */;
			proxyType = 1;
			remoteGlobalIDString = D4F79D031D317B7B00AA59CF;
			remoteInfo = FaceIt;
		};
/* End PBXContainerItemProxy section */

/* Begin PBXFileReference section */
		D44D79E51D3E399900C44369 /* EmotionsViewController.swift */ = {isa = PBXFileReference; fileEncoding = 4; lastKnownFileType = sourcecode.swift; path = EmotionsViewController.swift; sourceTree = "<group>"; };
		D48583431D35228C000D4F1E /* FacialExpression.swift */ = {isa = PBXFileReference; fileEncoding = 4; lastKnownFileType = sourcecode.swift; path = FacialExpression.swift; sourceTree = "<group>"; };
		D4F79D041D317B7B00AA59CF /* FaceIt.app */ = {isa = PBXFileReference; explicitFileType = wrapper.application; includeInIndex = 0; path = FaceIt.app; sourceTree = BUILT_PRODUCTS_DIR; };
		D4F79D071D317B7B00AA59CF /* AppDelegate.swift */ = {isa = PBXFileReference; lastKnownFileType = sourcecode.swift; path = AppDelegate.swift; sourceTree = "<group>"; };
		D4F79D091D317B7B00AA59CF /* FaceViewController.swift */ = {isa = PBXFileReference; lastKnownFileType = sourcecode.swift; path = FaceViewController.swift; sourceTree = "<group>"; };
		D4F79D0C1D317B7B00AA59CF /* Base */ = {isa = PBXFileReference; lastKnownFileType = file.storyboard; name = Base; path = Base.lproj/Main.storyboard; sourceTree = "<group>"; };
		D4F79D0E1D317B7B00AA59CF /* Assets.xcassets */ = {isa = PBXFileReference; lastKnownFileType = folder.assetcatalog; path = Assets.xcassets; sourceTree = "<group>"; };
		D4F79D111D317B7B00AA59CF /* Base */ = {isa = PBXFileReference; lastKnownFileType = file.storyboard; name = Base; path = Base.lproj/LaunchScreen.storyboard; sourceTree = "<group>"; };
		D4F79D131D317B7B00AA59CF /* Info.plist */ = {isa = PBXFileReference; lastKnownFileType = text.plist.xml; path = Info.plist; sourceTree = "<group>"; };
		D4F79D181D317B7B00AA59CF /* FaceItTests.xctest */ = {isa = PBXFileReference; explicitFileType = wrapper.cfbundle; includeInIndex = 0; path = FaceItTests.xctest; sourceTree = BUILT_PRODUCTS_DIR; };
		D4F79D1C1D317B7B00AA59CF /* FaceItTests.swift */ = {isa = PBXFileReference; lastKnownFileType = sourcecode.swift; path = FaceItTests.swift; sourceTree = "<group>"; };
		D4F79D1E1D317B7B00AA59CF /* Info.plist */ = {isa = PBXFileReference; lastKnownFileType = text.plist.xml; path = Info.plist; sourceTree = "<group>"; };
		D4F79D281D317DA800AA59CF /* FaceView.swift */ = {isa = PBXFileReference; fileEncoding = 4; lastKnownFileType = sourcecode.swift; path = FaceView.swift; sourceTree = "<group>"; };
/* End PBXFileReference section */

/* Begin PBXFrameworksBuildPhase section */
		D4F79D011D317B7B00AA59CF /* Frameworks */ = {
			isa = PBXFrameworksBuildPhase;
			buildActionMask = 2147483647;
			files = (
			);
			runOnlyForDeploymentPostprocessing = 0;
		};
		D4F79D151D317B7B00AA59CF /* Frameworks */ = {
			isa = PBXFrameworksBuildPhase;
			buildActionMask = 2147483647;
			files = (
			);
			runOnlyForDeploymentPostprocessing = 0;
		};
/* End PBXFrameworksBuildPhase section */

/* Begin PBXGroup section */
		D4F79CFB1D317B7B00AA59CF = {
			isa = PBXGroup;
			children = (
				D4F79D061D317B7B00AA59CF /* FaceIt */,
				D4F79D1B1D317B7B00AA59CF /* FaceItTests */,
				D4F79D051D317B7B00AA59CF /* Products */,
			);
			sourceTree = "<group>";
		};
		D4F79D051D317B7B00AA59CF /* Products */ = {
			isa = PBXGroup;
			children = (
				D4F79D041D317B7B00AA59CF /* FaceIt.app */,
				D4F79D181D317B7B00AA59CF /* FaceItTests.xctest */,
			);
			name = Products;
			sourceTree = "<group>";
		};
		D4F79D061D317B7B00AA59CF /* FaceIt */ = {
			isa = PBXGroup;
			children = (
				D4F79D091D317B7B00AA59CF /* FaceViewController.swift */,
				D4F79D0B1D317B7B00AA59CF /* Main.storyboard */,
				D44D79E51D3E399900C44369 /* EmotionsViewController.swift */,
				D4F79D281D317DA800AA59CF /* FaceView.swift */,
				D4F79D271D317BAD00AA59CF /* SupportingFiles */,
				D48583431D35228C000D4F1E /* FacialExpression.swift */,
			);
			path = FaceIt;
			sourceTree = "<group>";
		};
		D4F79D1B1D317B7B00AA59CF /* FaceItTests */ = {
			isa = PBXGroup;
			children = (
				D4F79D1C1D317B7B00AA59CF /* FaceItTests.swift */,
				D4F79D1E1D317B7B00AA59CF /* Info.plist */,
			);
			path = FaceItTests;
			sourceTree = "<group>";
		};
		D4F79D271D317BAD00AA59CF /* SupportingFiles */ = {
			isa = PBXGroup;
			children = (
				D4F79D071D317B7B00AA59CF /* AppDelegate.swift */,
				D4F79D0E1D317B7B00AA59CF /* Assets.xcassets */,
				D4F79D101D317B7B00AA59CF /* LaunchScreen.storyboard */,
				D4F79D131D317B7B00AA59CF /* Info.plist */,
			);
			name = SupportingFiles;
			sourceTree = "<group>";
		};
/* End PBXGroup section */

/* Begin PBXNativeTarget section */
		D4F79D031D317B7B00AA59CF /* FaceIt */ = {
			isa = PBXNativeTarget;
			buildConfigurationList = D4F79D211D317B7B00AA59CF /* Build configuration list for PBXNativeTarget "FaceIt" */;
			buildPhases = (
				D4F79D001D317B7B00AA59CF /* Sources */,
				D4F79D011D317B7B00AA59CF /* Frameworks */,
				D4F79D021D317B7B00AA59CF /* Resources */,
			);
			buildRules = (
			);
			dependencies = (
			);
			name = FaceIt;
			productName = FaceIt;
			productReference = D4F79D041D317B7B00AA59CF /* FaceIt.app */;
			productType = "com.apple.product-type.application";
		};
		D4F79D171D317B7B00AA59CF /* FaceItTests */ = {
			isa = PBXNativeTarget;
			buildConfigurationList = D4F79D241D317B7B00AA59CF /* Build configuration list for PBXNativeTarget "FaceItTests" */;
			buildPhases = (
				D4F79D141D317B7B00AA59CF /* Sources */,
				D4F79D151D317B7B00AA59CF /* Frameworks */,
				D4F79D161D317B7B00AA59CF /* Resources */,
			);
			buildRules = (
			);
			dependencies = (
				D4F79D1A1D317B7B00AA59CF /* PBXTargetDependency */,
			);
			name = FaceItTests;
			productName = FaceItTests;
			productReference = D4F79D181D317B7B00AA59CF /* FaceItTests.xctest */;
			productType = "com.apple.product-type.bundle.unit-test";
		};
/* End PBXNativeTarget section */

/* Begin PBXProject section */
		D4F79CFC1D317B7B00AA59CF /* Project object */ = {
			isa = PBXProject;
			attributes = {
				LastSwiftUpdateCheck = 0730;
				LastUpgradeCheck = 0730;
				ORGANIZATIONNAME = "Stephen O'Kennedy";
				TargetAttributes = {
					D4F79D031D317B7B00AA59CF = {
						CreatedOnToolsVersion = 7.3.1;
						DevelopmentTeam = S2C6323M4A;
					};
					D4F79D171D317B7B00AA59CF = {
						CreatedOnToolsVersion = 7.3.1;
						TestTargetID = D4F79D031D317B7B00AA59CF;
					};
				};
			};
			buildConfigurationList = D4F79CFF1D317B7B00AA59CF /* Build configuration list for PBXProject "FaceIt" */;
			compatibilityVersion = "Xcode 3.2";
			developmentRegion = English;
			hasScannedForEncodings = 0;
			knownRegions = (
				en,
				Base,
			);
			mainGroup = D4F79CFB1D317B7B00AA59CF;
			productRefGroup = D4F79D051D317B7B00AA59CF /* Products */;
			projectDirPath = "";
			projectRoot = "";
			targets = (
				D4F79D031D317B7B00AA59CF /* FaceIt */,
				D4F79D171D317B7B00AA59CF /* FaceItTests */,
			);
		};
/* End PBXProject section */

/* Begin PBXResourcesBuildPhase section */
		D4F79D021D317B7B00AA59CF /* Resources */ = {
			isa = PBXResourcesBuildPhase;
			buildActionMask = 2147483647;
			files = (
				D4F79D121D317B7B00AA59CF /* LaunchScreen.storyboard in Resources */,
				D4F79D0F1D317B7B00AA59CF /* Assets.xcassets in Resources */,
				D4F79D0D1D317B7B00AA59CF /* Main.storyboard in Resources */,
			);
			runOnlyForDeploymentPostprocessing = 0;
		};
		D4F79D161D317B7B00AA59CF /* Resources */ = {
			isa = PBXResourcesBuildPhase;
			buildActionMask = 2147483647;
			files = (
			);
			runOnlyForDeploymentPostprocessing = 0;
		};
/* End PBXResourcesBuildPhase section */

/* Begin PBXSourcesBuildPhase section */
		D4F79D001D317B7B00AA59CF /* Sources */ = {
			isa = PBXSourcesBuildPhase;
			buildActionMask = 2147483647;
			files = (
				D4F79D0A1D317B7B00AA59CF /* FaceViewController.swift in Sources */,
				D48583441D35228C000D4F1E /* FacialExpression.swift in Sources */,
				D44D79E61D3E399900C44369 /* EmotionsViewController.swift in Sources */,
				D4F79D081D317B7B00AA59CF /* AppDelegate.swift in Sources */,
				D4F79D291D317DA800AA59CF /* FaceView.swift in Sources */,
			);
			runOnlyForDeploymentPostprocessing = 0;
		};
		D4F79D141D317B7B00AA59CF /* Sources */ = {
			isa = PBXSourcesBuildPhase;
			buildActionMask = 2147483647;
			files = (
				D4F79D1D1D317B7B00AA59CF /* FaceItTests.swift in Sources */,
			);
			runOnlyForDeploymentPostprocessing = 0;
		};
/* End PBXSourcesBuildPhase section */

/* Begin PBXTargetDependency section */
		D4F79D1A1D317B7B00AA59CF /* PBXTargetDependency */ = {
			isa = PBXTargetDependency;
			target = D4F79D031D317B7B00AA59CF /* FaceIt */;
			targetProxy = D4F79D191D317B7B00AA59CF /* PBXContainerItemProxy */;
		};
/* End PBXTargetDependency section */

/* Begin PBXVariantGroup section */
		D4F79D0B1D317B7B00AA59CF /* Main.storyboard */ = {
			isa = PBXVariantGroup;
			children = (
				D4F79D0C1D317B7B00AA59CF /* Base */,
			);
			name = Main.storyboard;
			sourceTree = "<group>";
		};
		D4F79D101D317B7B00AA59CF /* LaunchScreen.storyboard */ = {
			isa = PBXVariantGroup;
			children = (
				D4F79D111D317B7B00AA59CF /* Base */,
			);
			name = LaunchScreen.storyboard;
			sourceTree = "<group>";
		};
/* End PBXVariantGroup section */

/* Begin XCBuildConfiguration section */
		D4F79D1F1D317B7B00AA59CF /* Debug */ = {
			isa = XCBuildConfiguration;
			buildSettings = {
				ALWAYS_SEARCH_USER_PATHS = NO;
				CLANG_ANALYZER_NONNULL = YES;
				CLANG_CXX_LANGUAGE_STANDARD = "gnu++0x";
				CLANG_CXX_LIBRARY = "libc++";
				CLANG_ENABLE_MODULES = YES;
				CLANG_ENABLE_OBJC_ARC = YES;
				CLANG_WARN_BOOL_CONVERSION = YES;
				CLANG_WARN_CONSTANT_CONVERSION = YES;
				CLANG_WARN_DIRECT_OBJC_ISA_USAGE = YES_ERROR;
				CLANG_WARN_EMPTY_BODY = YES;
				CLANG_WARN_ENUM_CONVERSION = YES;
				CLANG_WARN_INT_CONVERSION = YES;
				CLANG_WARN_OBJC_ROOT_CLASS = YES_ERROR;
				CLANG_WARN_UNREACHABLE_CODE = YES;
				CLANG_WARN__DUPLICATE_METHOD_MATCH = YES;
				"CODE_SIGN_IDENTITY[sdk=iphoneos*]" = "iPhone Developer";
				COPY_PHASE_STRIP = NO;
				DEBUG_INFORMATION_FORMAT = dwarf;
				ENABLE_STRICT_OBJC_MSGSEND = YES;
				ENABLE_TESTABILITY = YES;
				GCC_C_LANGUAGE_STANDARD = gnu99;
				GCC_DYNAMIC_NO_PIC = NO;
				GCC_NO_COMMON_BLOCKS = YES;
				GCC_OPTIMIZATION_LEVEL = 0;
				GCC_PREPROCESSOR_DEFINITIONS = (
					"DEBUG=1",
					"$(inherited)",
				);
				GCC_WARN_64_TO_32_BIT_CONVERSION = YES;
				GCC_WARN_ABOUT_RETURN_TYPE = YES_ERROR;
				GCC_WARN_UNDECLARED_SELECTOR = YES;
				GCC_WARN_UNINITIALIZED_AUTOS = YES_AGGRESSIVE;
				GCC_WARN_UNUSED_FUNCTION = YES;
				GCC_WARN_UNUSED_VARIABLE = YES;
				IPHONEOS_DEPLOYMENT_TARGET = 9.3;
				MTL_ENABLE_DEBUG_INFO = YES;
				ONLY_ACTIVE_ARCH = YES;
				SDKROOT = iphoneos;
				SWIFT_OPTIMIZATION_LEVEL = "-Onone";
				TARGETED_DEVICE_FAMILY = "1,2";
			};
			name = Debug;
		};
		D4F79D201D317B7B00AA59CF /* Release */ = {
			isa = XCBuildConfiguration;
			buildSettings = {
				ALWAYS_SEARCH_USER_PATHS = NO;
				CLANG_ANALYZER_NONNULL = YES;
				CLANG_CXX_LANGUAGE_STANDARD = "gnu++0x";
				CLANG_CXX_LIBRARY = "libc++";
				CLANG_ENABLE_MODULES = YES;
				CLANG_ENABLE_OBJC_ARC = YES;
				CLANG_WARN_BOOL_CONVERSION = YES;
				CLANG_WARN_CONSTANT_CONVERSION = YES;
				CLANG_WARN_DIRECT_OBJC_ISA_USAGE = YES_ERROR;
				CLANG_WARN_EMPTY_BODY = YES;
				CLANG_WARN_ENUM_CONVERSION = YES;
				CLANG_WARN_INT_CONVERSION = YES;
				CLANG_WARN_OBJC_ROOT_CLASS = YES_ERROR;
				CLANG_WARN_UNREACHABLE_CODE = YES;
				CLANG_WARN__DUPLICATE_METHOD_MATCH = YES;
				"CODE_SIGN_IDENTITY[sdk=iphoneos*]" = "iPhone Developer";
				COPY_PHASE_STRIP = NO;
				DEBUG_INFORMATION_FORMAT = "dwarf-with-dsym";
				ENABLE_NS_ASSERTIONS = NO;
				ENABLE_STRICT_OBJC_MSGSEND = YES;
				GCC_C_LANGUAGE_STANDARD = gnu99;
				GCC_NO_COMMON_BLOCKS = YES;
				GCC_WARN_64_TO_32_BIT_CONVERSION = YES;
				GCC_WARN_ABOUT_RETURN_TYPE = YES_ERROR;
				GCC_WARN_UNDECLARED_SELECTOR = YES;
				GCC_WARN_UNINITIALIZED_AUTOS = YES_AGGRESSIVE;
				GCC_WARN_UNUSED_FUNCTION = YES;
				GCC_WARN_UNUSED_VARIABLE = YES;
				IPHONEOS_DEPLOYMENT_TARGET = 9.3;
				MTL_ENABLE_DEBUG_INFO = NO;
				SDKROOT = iphoneos;
				TARGETED_DEVICE_FAMILY = "1,2";
				VALIDATE_PRODUCT = YES;
			};
			name = Release;
		};
		D4F79D221D317B7B00AA59CF /* Debug */ = {
			isa = XCBuildConfiguration;
			buildSettings = {
				ASSETCATALOG_COMPILER_APPICON_NAME = AppIcon;
				CODE_SIGN_IDENTITY = "iPhone Developer";
				"CODE_SIGN_IDENTITY[sdk=iphoneos*]" = "iPhone Developer";
				INFOPLIST_FILE = FaceIt/Info.plist;
				LD_RUNPATH_SEARCH_PATHS = "$(inherited) @executable_path/Frameworks";
				PRODUCT_BUNDLE_IDENTIFIER = com.sokendy.FaceIt;
				PRODUCT_NAME = "$(TARGET_NAME)";
				PROVISIONING_PROFILE = "";
			};
			name = Debug;
		};
		D4F79D231D317B7B00AA59CF /* Release */ = {
			isa = XCBuildConfiguration;
			buildSettings = {
				ASSETCATALOG_COMPILER_APPICON_NAME = AppIcon;
				CODE_SIGN_IDENTITY = "iPhone Developer";
				"CODE_SIGN_IDENTITY[sdk=iphoneos*]" = "iPhone Developer";
				INFOPLIST_FILE = FaceIt/Info.plist;
				LD_RUNPATH_SEARCH_PATHS = "$(inherited) @executable_path/Frameworks";
				PRODUCT_BUNDLE_IDENTIFIER = com.sokendy.FaceIt;
				PRODUCT_NAME = "$(TARGET_NAME)";
				PROVISIONING_PROFILE = "";
			};
			name = Release;
		};
		D4F79D251D317B7B00AA59CF /* Debug */ = {
			isa = XCBuildConfiguration;
			buildSettings = {
				BUNDLE_LOADER = "$(TEST_HOST)";
				INFOPLIST_FILE = FaceItTests/Info.plist;
				LD_RUNPATH_SEARCH_PATHS = "$(inherited) @executable_path/Frameworks @loader_path/Frameworks";
				PRODUCT_BUNDLE_IDENTIFIER = com.sokendy.FaceItTests;
				PRODUCT_NAME = "$(TARGET_NAME)";
				TEST_HOST = "$(BUILT_PRODUCTS_DIR)/FaceIt.app/FaceIt";
			};
			name = Debug;
		};
		D4F79D261D317B7B00AA59CF /* Release */ = {
			isa = XCBuildConfiguration;
			buildSettings = {
				BUNDLE_LOADER = "$(TEST_HOST)";
				INFOPLIST_FILE = FaceItTests/Info.plist;
				LD_RUNPATH_SEARCH_PATHS = "$(inherited) @executable_path/Frameworks @loader_path/Frameworks";
				PRODUCT_BUNDLE_IDENTIFIER = com.sokendy.FaceItTests;
				PRODUCT_NAME = "$(TARGET_NAME)";
				TEST_HOST = "$(BUILT_PRODUCTS_DIR)/FaceIt.app/FaceIt";
			};
			name = Release;
		};
/* End XCBuildConfiguration section */

/* Begin XCConfigurationList section */
		D4F79CFF1D317B7B00AA59CF /* Build configuration list for PBXProject "FaceIt" */ = {
			isa = XCConfigurationList;
			buildConfigurations = (
				D4F79D1F1D317B7B00AA59CF /* Debug */,
				D4F79D201D317B7B00AA59CF /* Release */,
			);
			defaultConfigurationIsVisible = 0;
			defaultConfigurationName = Release;
		};
		D4F79D211D317B7B00AA59CF /* Build configuration list for PBXNativeTarget "FaceIt" */ = {
			isa = XCConfigurationList;
			buildConfigurations = (
				D4F79D221D317B7B00AA59CF /* Debug */,
				D4F79D231D317B7B00AA59CF /* Release */,
			);
			defaultConfigurationIsVisible = 0;
			defaultConfigurationName = Release;
		};
		D4F79D241D317B7B00AA59CF /* Build configuration list for PBXNativeTarget "FaceItTests" */ = {
			isa = XCConfigurationList;
			buildConfigurations = (
				D4F79D251D317B7B00AA59CF /* Debug */,
				D4F79D261D317B7B00AA59CF /* Release */,
			);
			defaultConfigurationIsVisible = 0;
			defaultConfigurationName = Release;
		};
/* End XCConfigurationList section */
	};
	rootObject = D4F79CFC1D317B7B00AA59CF /* Project object */;
}
